// !$*UTF8*$!
{
	archiveVersion = 1;
	classes = {
	};
	objectVersion = 48;
	objects = {

/* Begin PBXBuildFile section */
		6F7373152058626E002481B8 /* AppDelegate.swift in Sources */ = {isa = PBXBuildFile; fileRef = 6F7373142058626E002481B8 /* AppDelegate.swift */; };
		6F7373172058626E002481B8 /* HomeViewController.swift in Sources */ = {isa = PBXBuildFile; fileRef = 6F7373162058626E002481B8 /* HomeViewController.swift */; };
		6F73731A2058626E002481B8 /* Main.storyboard in Resources */ = {isa = PBXBuildFile; fileRef = 6F7373182058626E002481B8 /* Main.storyboard */; };
		6F73731C2058626E002481B8 /* Assets.xcassets in Resources */ = {isa = PBXBuildFile; fileRef = 6F73731B2058626E002481B8 /* Assets.xcassets */; };
		6F73731F2058626E002481B8 /* LaunchScreen.storyboard in Resources */ = {isa = PBXBuildFile; fileRef = 6F73731D2058626E002481B8 /* LaunchScreen.storyboard */; };
		6F73732A2058626E002481B8 /* North_East_South_WestTests.swift in Sources */ = {isa = PBXBuildFile; fileRef = 6F7373292058626E002481B8 /* North_East_South_WestTests.swift */; };
		6F7373352058626E002481B8 /* North_East_South_WestUITests.swift in Sources */ = {isa = PBXBuildFile; fileRef = 6F7373342058626E002481B8 /* North_East_South_WestUITests.swift */; };
		6F7373432058656D002481B8 /* DirectionViewController.swift in Sources */ = {isa = PBXBuildFile; fileRef = 6F7373422058656D002481B8 /* DirectionViewController.swift */; };
/* End PBXBuildFile section */

/* Begin PBXContainerItemProxy section */
		6F7373262058626E002481B8 /* PBXContainerItemProxy */ = {
			isa = PBXContainerItemProxy;
			containerPortal = 6F7373092058626E002481B8 /* Project object */;
			proxyType = 1;
			remoteGlobalIDString = 6F7373102058626E002481B8;
			remoteInfo = "North East South West";
		};
		6F7373312058626E002481B8 /* PBXContainerItemProxy */ = {
			isa = PBXContainerItemProxy;
			containerPortal = 6F7373092058626E002481B8 /* Project object */;
			proxyType = 1;
			remoteGlobalIDString = 6F7373102058626E002481B8;
			remoteInfo = "North East South West";
		};
/* End PBXContainerItemProxy section */

/* Begin PBXFileReference section */
		6F7373112058626E002481B8 /* North East South West.app */ = {isa = PBXFileReference; explicitFileType = wrapper.application; includeInIndex = 0; path = "North East South West.app"; sourceTree = BUILT_PRODUCTS_DIR; };
		6F7373142058626E002481B8 /* AppDelegate.swift */ = {isa = PBXFileReference; lastKnownFileType = sourcecode.swift; path = AppDelegate.swift; sourceTree = "<group>"; };
		6F7373162058626E002481B8 /* HomeViewController.swift */ = {isa = PBXFileReference; lastKnownFileType = sourcecode.swift; path = HomeViewController.swift; sourceTree = "<group>"; };
		6F7373192058626E002481B8 /* Base */ = {isa = PBXFileReference; lastKnownFileType = file.storyboard; name = Base; path = Base.lproj/Main.storyboard; sourceTree = "<group>"; };
		6F73731B2058626E002481B8 /* Assets.xcassets */ = {isa = PBXFileReference; lastKnownFileType = folder.assetcatalog; path = Assets.xcassets; sourceTree = "<group>"; };
		6F73731E2058626E002481B8 /* Base */ = {isa = PBXFileReference; lastKnownFileType = file.storyboard; name = Base; path = Base.lproj/LaunchScreen.storyboard; sourceTree = "<group>"; };
		6F7373202058626E002481B8 /* Info.plist */ = {isa = PBXFileReference; lastKnownFileType = text.plist.xml; path = Info.plist; sourceTree = "<group>"; };
		6F7373252058626E002481B8 /* North East South WestTests.xctest */ = {isa = PBXFileReference; explicitFileType = wrapper.cfbundle; includeInIndex = 0; path = "North East South WestTests.xctest"; sourceTree = BUILT_PRODUCTS_DIR; };
		6F7373292058626E002481B8 /* North_East_South_WestTests.swift */ = {isa = PBXFileReference; lastKnownFileType = sourcecode.swift; path = North_East_South_WestTests.swift; sourceTree = "<group>"; };
		6F73732B2058626E002481B8 /* Info.plist */ = {isa = PBXFileReference; lastKnownFileType = text.plist.xml; path = Info.plist; sourceTree = "<group>"; };
		6F7373302058626E002481B8 /* North East South WestUITests.xctest */ = {isa = PBXFileReference; explicitFileType = wrapper.cfbundle; includeInIndex = 0; path = "North East South WestUITests.xctest"; sourceTree = BUILT_PRODUCTS_DIR; };
		6F7373342058626E002481B8 /* North_East_South_WestUITests.swift */ = {isa = PBXFileReference; lastKnownFileType = sourcecode.swift; path = North_East_South_WestUITests.swift; sourceTree = "<group>"; };
		6F7373362058626E002481B8 /* Info.plist */ = {isa = PBXFileReference; lastKnownFileType = text.plist.xml; path = Info.plist; sourceTree = "<group>"; };
		6F7373422058656D002481B8 /* DirectionViewController.swift */ = {isa = PBXFileReference; lastKnownFileType = sourcecode.swift; path = DirectionViewController.swift; sourceTree = "<group>"; };
/* End PBXFileReference section */

/* Begin PBXFrameworksBuildPhase section */
		6F73730E2058626E002481B8 /* Frameworks */ = {
			isa = PBXFrameworksBuildPhase;
			buildActionMask = 2147483647;
			files = (
			);
			runOnlyForDeploymentPostprocessing = 0;
		};
		6F7373222058626E002481B8 /* Frameworks */ = {
			isa = PBXFrameworksBuildPhase;
			buildActionMask = 2147483647;
			files = (
			);
			runOnlyForDeploymentPostprocessing = 0;
		};
		6F73732D2058626E002481B8 /* Frameworks */ = {
			isa = PBXFrameworksBuildPhase;
			buildActionMask = 2147483647;
			files = (
			);
			runOnlyForDeploymentPostprocessing = 0;
		};
/* End PBXFrameworksBuildPhase section */

/* Begin PBXGroup section */
		6F7373082058626E002481B8 = {
			isa = PBXGroup;
			children = (
				6F7373132058626E002481B8 /* North East South West */,
				6F7373282058626E002481B8 /* North East South WestTests */,
				6F7373332058626E002481B8 /* North East South WestUITests */,
				6F7373122058626E002481B8 /* Products */,
			);
			sourceTree = "<group>";
		};
		6F7373122058626E002481B8 /* Products */ = {
			isa = PBXGroup;
			children = (
				6F7373112058626E002481B8 /* North East South West.app */,
				6F7373252058626E002481B8 /* North East South WestTests.xctest */,
				6F7373302058626E002481B8 /* North East South WestUITests.xctest */,
			);
			name = Products;
			sourceTree = "<group>";
		};
		6F7373132058626E002481B8 /* North East South West */ = {
			isa = PBXGroup;
			children = (
				6F7373142058626E002481B8 /* AppDelegate.swift */,
				6F7373162058626E002481B8 /* HomeViewController.swift */,
				6F7373182058626E002481B8 /* Main.storyboard */,
				6F7373422058656D002481B8 /* DirectionViewController.swift */,
				6F73731B2058626E002481B8 /* Assets.xcassets */,
				6F73731D2058626E002481B8 /* LaunchScreen.storyboard */,
				6F7373202058626E002481B8 /* Info.plist */,
			);
			path = "North East South West";
			sourceTree = "<group>";
		};
		6F7373282058626E002481B8 /* North East South WestTests */ = {
			isa = PBXGroup;
			children = (
				6F7373292058626E002481B8 /* North_East_South_WestTests.swift */,
				6F73732B2058626E002481B8 /* Info.plist */,
			);
			path = "North East South WestTests";
			sourceTree = "<group>";
		};
		6F7373332058626E002481B8 /* North East South WestUITests */ = {
			isa = PBXGroup;
			children = (
				6F7373342058626E002481B8 /* North_East_South_WestUITests.swift */,
				6F7373362058626E002481B8 /* Info.plist */,
			);
			path = "North East South WestUITests";
			sourceTree = "<group>";
		};
/* End PBXGroup section */

/* Begin PBXNativeTarget section */
		6F7373102058626E002481B8 /* North East South West */ = {
			isa = PBXNativeTarget;
			buildConfigurationList = 6F7373392058626E002481B8 /* Build configuration list for PBXNativeTarget "North East South West" */;
			buildPhases = (
				6F73730D2058626E002481B8 /* Sources */,
				6F73730E2058626E002481B8 /* Frameworks */,
				6F73730F2058626E002481B8 /* Resources */,
			);
			buildRules = (
			);
			dependencies = (
			);
			name = "North East South West";
			productName = "North East South West";
			productReference = 6F7373112058626E002481B8 /* North East South West.app */;
			productType = "com.apple.product-type.application";
		};
		6F7373242058626E002481B8 /* North East South WestTests */ = {
			isa = PBXNativeTarget;
			buildConfigurationList = 6F73733C2058626E002481B8 /* Build configuration list for PBXNativeTarget "North East South WestTests" */;
			buildPhases = (
				6F7373212058626E002481B8 /* Sources */,
				6F7373222058626E002481B8 /* Frameworks */,
				6F7373232058626E002481B8 /* Resources */,
			);
			buildRules = (
			);
			dependencies = (
				6F7373272058626E002481B8 /* PBXTargetDependency */,
			);
			name = "North East South WestTests";
			productName = "North East South WestTests";
			productReference = 6F7373252058626E002481B8 /* North East South WestTests.xctest */;
			productType = "com.apple.product-type.bundle.unit-test";
		};
		6F73732F2058626E002481B8 /* North East South WestUITests */ = {
			isa = PBXNativeTarget;
			buildConfigurationList = 6F73733F2058626E002481B8 /* Build configuration list for PBXNativeTarget "North East South WestUITests" */;
			buildPhases = (
				6F73732C2058626E002481B8 /* Sources */,
				6F73732D2058626E002481B8 /* Frameworks */,
				6F73732E2058626E002481B8 /* Resources */,
			);
			buildRules = (
			);
			dependencies = (
				6F7373322058626E002481B8 /* PBXTargetDependency */,
			);
			name = "North East South WestUITests";
			productName = "North East South WestUITests";
			productReference = 6F7373302058626E002481B8 /* North East South WestUITests.xctest */;
			productType = "com.apple.product-type.bundle.ui-testing";
		};
/* End PBXNativeTarget section */

/* Begin PBXProject section */
		6F7373092058626E002481B8 /* Project object */ = {
			isa = PBXProject;
			attributes = {
				LastSwiftUpdateCheck = 0920;
				LastUpgradeCheck = 0920;
				ORGANIZATIONNAME = "Ian Yang";
				TargetAttributes = {
					6F7373102058626E002481B8 = {
						CreatedOnToolsVersion = 9.2;
						ProvisioningStyle = Automatic;
					};
					6F7373242058626E002481B8 = {
						CreatedOnToolsVersion = 9.2;
						ProvisioningStyle = Automatic;
						TestTargetID = 6F7373102058626E002481B8;
					};
					6F73732F2058626E002481B8 = {
						CreatedOnToolsVersion = 9.2;
						ProvisioningStyle = Automatic;
						TestTargetID = 6F7373102058626E002481B8;
					};
				};
			};
			buildConfigurationList = 6F73730C2058626E002481B8 /* Build configuration list for PBXProject "North East South West" */;
			compatibilityVersion = "Xcode 8.0";
			developmentRegion = en;
			hasScannedForEncodings = 0;
			knownRegions = (
				en,
				Base,
			);
			mainGroup = 6F7373082058626E002481B8;
			productRefGroup = 6F7373122058626E002481B8 /* Products */;
			projectDirPath = "";
			projectRoot = "";
			targets = (
				6F7373102058626E002481B8 /* North East South West */,
				6F7373242058626E002481B8 /* North East South WestTests */,
				6F73732F2058626E002481B8 /* North East South WestUITests */,
			);
		};
/* End PBXProject section */

/* Begin PBXResourcesBuildPhase section */
		6F73730F2058626E002481B8 /* Resources */ = {
			isa = PBXResourcesBuildPhase;
			buildActionMask = 2147483647;
			files = (
				6F73731F2058626E002481B8 /* LaunchScreen.storyboard in Resources */,
				6F73731C2058626E002481B8 /* Assets.xcassets in Resources */,
				6F73731A2058626E002481B8 /* Main.storyboard in Resources */,
			);
			runOnlyForDeploymentPostprocessing = 0;
		};
		6F7373232058626E002481B8 /* Resources */ = {
			isa = PBXResourcesBuildPhase;
			buildActionMask = 2147483647;
			files = (
			);
			runOnlyForDeploymentPostprocessing = 0;
		};
		6F73732E2058626E002481B8 /* Resources */ = {
			isa = PBXResourcesBuildPhase;
			buildActionMask = 2147483647;
			files = (
			);
			runOnlyForDeploymentPostprocessing = 0;
		};
/* End PBXResourcesBuildPhase section */

/* Begin PBXSourcesBuildPhase section */
		6F73730D2058626E002481B8 /* Sources */ = {
			isa = PBXSourcesBuildPhase;
			buildActionMask = 2147483647;
			files = (
				6F7373172058626E002481B8 /* HomeViewController.swift in Sources */,
				6F7373152058626E002481B8 /* AppDelegate.swift in Sources */,
				6F7373432058656D002481B8 /* DirectionViewController.swift in Sources */,
			);
			runOnlyForDeploymentPostprocessing = 0;
		};
		6F7373212058626E002481B8 /* Sources */ = {
			isa = PBXSourcesBuildPhase;
			buildActionMask = 2147483647;
			files = (
				6F73732A2058626E002481B8 /* North_East_South_WestTests.swift in Sources */,
			);
			runOnlyForDeploymentPostprocessing = 0;
		};
		6F73732C2058626E002481B8 /* Sources */ = {
			isa = PBXSourcesBuildPhase;
			buildActionMask = 2147483647;
			files = (
				6F7373352058626E002481B8 /* North_East_South_WestUITests.swift in Sources */,
			);
			runOnlyForDeploymentPostprocessing = 0;
		};
/* End PBXSourcesBuildPhase section */

/* Begin PBXTargetDependency section */
		6F7373272058626E002481B8 /* PBXTargetDependency */ = {
			isa = PBXTargetDependency;
			target = 6F7373102058626E002481B8 /* North East South West */;
			targetProxy = 6F7373262058626E002481B8 /* PBXContainerItemProxy */;
		};
		6F7373322058626E002481B8 /* PBXTargetDependency */ = {
			isa = PBXTargetDependency;
			target = 6F7373102058626E002481B8 /* North East South West */;
			targetProxy = 6F7373312058626E002481B8 /* PBXContainerItemProxy */;
		};
/* End PBXTargetDependency section */

/* Begin PBXVariantGroup section */
		6F7373182058626E002481B8 /* Main.storyboard */ = {
			isa = PBXVariantGroup;
			children = (
				6F7373192058626E002481B8 /* Base */,
			);
			name = Main.storyboard;
			sourceTree = "<group>";
		};
		6F73731D2058626E002481B8 /* LaunchScreen.storyboard */ = {
			isa = PBXVariantGroup;
			children = (
				6F73731E2058626E002481B8 /* Base */,
			);
			name = LaunchScreen.storyboard;
			sourceTree = "<group>";
		};
/* End PBXVariantGroup section */

/* Begin XCBuildConfiguration section */
		6F7373372058626E002481B8 /* Debug */ = {
			isa = XCBuildConfiguration;
			buildSettings = {
				ALWAYS_SEARCH_USER_PATHS = NO;
				CLANG_ANALYZER_NONNULL = YES;
				CLANG_ANALYZER_NUMBER_OBJECT_CONVERSION = YES_AGGRESSIVE;
				CLANG_CXX_LANGUAGE_STANDARD = "gnu++14";
				CLANG_CXX_LIBRARY = "libc++";
				CLANG_ENABLE_MODULES = YES;
				CLANG_ENABLE_OBJC_ARC = YES;
				CLANG_WARN_BLOCK_CAPTURE_AUTORELEASING = YES;
				CLANG_WARN_BOOL_CONVERSION = YES;
				CLANG_WARN_COMMA = YES;
				CLANG_WARN_CONSTANT_CONVERSION = YES;
				CLANG_WARN_DIRECT_OBJC_ISA_USAGE = YES_ERROR;
				CLANG_WARN_DOCUMENTATION_COMMENTS = YES;
				CLANG_WARN_EMPTY_BODY = YES;
				CLANG_WARN_ENUM_CONVERSION = YES;
				CLANG_WARN_INFINITE_RECURSION = YES;
				CLANG_WARN_INT_CONVERSION = YES;
				CLANG_WARN_NON_LITERAL_NULL_CONVERSION = YES;
				CLANG_WARN_OBJC_LITERAL_CONVERSION = YES;
				CLANG_WARN_OBJC_ROOT_CLASS = YES_ERROR;
				CLANG_WARN_RANGE_LOOP_ANALYSIS = YES;
				CLANG_WARN_STRICT_PROTOTYPES = YES;
				CLANG_WARN_SUSPICIOUS_MOVE = YES;
				CLANG_WARN_UNGUARDED_AVAILABILITY = YES_AGGRESSIVE;
				CLANG_WARN_UNREACHABLE_CODE = YES;
				CLANG_WARN__DUPLICATE_METHOD_MATCH = YES;
				CODE_SIGN_IDENTITY = "iPhone Developer";
				COPY_PHASE_STRIP = NO;
				DEBUG_INFORMATION_FORMAT = dwarf;
				ENABLE_STRICT_OBJC_MSGSEND = YES;
				ENABLE_TESTABILITY = YES;
				GCC_C_LANGUAGE_STANDARD = gnu11;
				GCC_DYNAMIC_NO_PIC = NO;
				GCC_NO_COMMON_BLOCKS = YES;
				GCC_OPTIMIZATION_LEVEL = 0;
				GCC_PREPROCESSOR_DEFINITIONS = (
					"DEBUG=1",
					"$(inherited)",
				);
				GCC_WARN_64_TO_32_BIT_CONVERSION = YES;
				GCC_WARN_ABOUT_RETURN_TYPE = YES_ERROR;
				GCC_WARN_UNDECLARED_SELECTOR = YES;
				GCC_WARN_UNINITIALIZED_AUTOS = YES_AGGRESSIVE;
				GCC_WARN_UNUSED_FUNCTION = YES;
				GCC_WARN_UNUSED_VARIABLE = YES;
				IPHONEOS_DEPLOYMENT_TARGET = 11.2;
				MTL_ENABLE_DEBUG_INFO = YES;
				ONLY_ACTIVE_ARCH = YES;
				SDKROOT = iphoneos;
				SWIFT_ACTIVE_COMPILATION_CONDITIONS = DEBUG;
				SWIFT_OPTIMIZATION_LEVEL = "-Onone";
			};
			name = Debug;
		};
		6F7373382058626E002481B8 /* Release */ = {
			isa = XCBuildConfiguration;
			buildSettings = {
				ALWAYS_SEARCH_USER_PATHS = NO;
				CLANG_ANALYZER_NONNULL = YES;
				CLANG_ANALYZER_NUMBER_OBJECT_CONVERSION = YES_AGGRESSIVE;
				CLANG_CXX_LANGUAGE_STANDARD = "gnu++14";
				CLANG_CXX_LIBRARY = "libc++";
				CLANG_ENABLE_MODULES = YES;
				CLANG_ENABLE_OBJC_ARC = YES;
				CLANG_WARN_BLOCK_CAPTURE_AUTORELEASING = YES;
				CLANG_WARN_BOOL_CONVERSION = YES;
				CLANG_WARN_COMMA = YES;
				CLANG_WARN_CONSTANT_CONVERSION = YES;
				CLANG_WARN_DIRECT_OBJC_ISA_USAGE = YES_ERROR;
				CLANG_WARN_DOCUMENTATION_COMMENTS = YES;
				CLANG_WARN_EMPTY_BODY = YES;
				CLANG_WARN_ENUM_CONVERSION = YES;
				CLANG_WARN_INFINITE_RECURSION = YES;
				CLANG_WARN_INT_CONVERSION = YES;
				CLANG_WARN_NON_LITERAL_NULL_CONVERSION = YES;
				CLANG_WARN_OBJC_LITERAL_CONVERSION = YES;
				CLANG_WARN_OBJC_ROOT_CLASS = YES_ERROR;
				CLANG_WARN_RANGE_LOOP_ANALYSIS = YES;
				CLANG_WARN_STRICT_PROTOTYPES = YES;
				CLANG_WARN_SUSPICIOUS_MOVE = YES;
				CLANG_WARN_UNGUARDED_AVAILABILITY = YES_AGGRESSIVE;
				CLANG_WARN_UNREACHABLE_CODE = YES;
				CLANG_WARN__DUPLICATE_METHOD_MATCH = YES;
				CODE_SIGN_IDENTITY = "iPhone Developer";
				COPY_PHASE_STRIP = NO;
				DEBUG_INFORMATION_FORMAT = "dwarf-with-dsym";
				ENABLE_NS_ASSERTIONS = NO;
				ENABLE_STRICT_OBJC_MSGSEND = YES;
				GCC_C_LANGUAGE_STANDARD = gnu11;
				GCC_NO_COMMON_BLOCKS = YES;
				GCC_WARN_64_TO_32_BIT_CONVERSION = YES;
				GCC_WARN_ABOUT_RETURN_TYPE = YES_ERROR;
				GCC_WARN_UNDECLARED_SELECTOR = YES;
				GCC_WARN_UNINITIALIZED_AUTOS = YES_AGGRESSIVE;
				GCC_WARN_UNUSED_FUNCTION = YES;
				GCC_WARN_UNUSED_VARIABLE = YES;
				IPHONEOS_DEPLOYMENT_TARGET = 11.2;
				MTL_ENABLE_DEBUG_INFO = NO;
				SDKROOT = iphoneos;
				SWIFT_OPTIMIZATION_LEVEL = "-Owholemodule";
				VALIDATE_PRODUCT = YES;
			};
			name = Release;
		};
		6F73733A2058626E002481B8 /* Debug */ = {
			isa = XCBuildConfiguration;
			buildSettings = {
				ASSETCATALOG_COMPILER_APPICON_NAME = AppIcon;
				CODE_SIGN_STYLE = Automatic;
				DEVELOPMENT_TEAM = "";
				INFOPLIST_FILE = "North East South West/Info.plist";
				LD_RUNPATH_SEARCH_PATHS = "$(inherited) @executable_path/Frameworks";
				PRODUCT_BUNDLE_IDENTIFIER = "com.mycompany.North-East-South-West";
				PRODUCT_NAME = "$(TARGET_NAME)";
				SWIFT_VERSION = 4.0;
				TARGETED_DEVICE_FAMILY = "1,2";
			};
			name = Debug;
		};
		6F73733B2058626E002481B8 /* Release */ = {
			isa = XCBuildConfiguration;
			buildSettings = {
				ASSETCATALOG_COMPILER_APPICON_NAME = AppIcon;
				CODE_SIGN_STYLE = Automatic;
				DEVELOPMENT_TEAM = "";
				INFOPLIST_FILE = "North East South West/Info.plist";
				LD_RUNPATH_SEARCH_PATHS = "$(inherited) @executable_path/Frameworks";
				PRODUCT_BUNDLE_IDENTIFIER = "com.mycompany.North-East-South-West";
				PRODUCT_NAME = "$(TARGET_NAME)";
				SWIFT_VERSION = 4.0;
				TARGETED_DEVICE_FAMILY = "1,2";
			};
			name = Release;
		};
		6F73733D2058626E002481B8 /* Debug */ = {
			isa = XCBuildConfiguration;
			buildSettings = {
				ALWAYS_EMBED_SWIFT_STANDARD_LIBRARIES = YES;
				BUNDLE_LOADER = "$(TEST_HOST)";
				CODE_SIGN_STYLE = Automatic;
				DEVELOPMENT_TEAM = 3YTYXM9Q86;
				INFOPLIST_FILE = "North East South WestTests/Info.plist";
				LD_RUNPATH_SEARCH_PATHS = "$(inherited) @executable_path/Frameworks @loader_path/Frameworks";
				PRODUCT_BUNDLE_IDENTIFIER = "com.mycompany.North-East-South-WestTests";
				PRODUCT_NAME = "$(TARGET_NAME)";
				SWIFT_VERSION = 4.0;
				TARGETED_DEVICE_FAMILY = "1,2";
				TEST_HOST = "$(BUILT_PRODUCTS_DIR)/North East South West.app/North East South West";
			};
			name = Debug;
		};
		6F73733E2058626E002481B8 /* Release */ = {
			isa = XCBuildConfiguration;
			buildSettings = {
				ALWAYS_EMBED_SWIFT_STANDARD_LIBRARIES = YES;
				BUNDLE_LOADER = "$(TEST_HOST)";
				CODE_SIGN_STYLE = Automatic;
				DEVELOPMENT_TEAM = 3YTYXM9Q86;
				INFOPLIST_FILE = "North East South WestTests/Info.plist";
				LD_RUNPATH_SEARCH_PATHS = "$(inherited) @executable_path/Frameworks @loader_path/Frameworks";
				PRODUCT_BUNDLE_IDENTIFIER = "com.mycompany.North-East-South-WestTests";
				PRODUCT_NAME = "$(TARGET_NAME)";
				SWIFT_VERSION = 4.0;
				TARGETED_DEVICE_FAMILY = "1,2";
				TEST_HOST = "$(BUILT_PRODUCTS_DIR)/North East South West.app/North East South West";
			};
			name = Release;
		};
		6F7373402058626E002481B8 /* Debug */ = {
			isa = XCBuildConfiguration;
			buildSettings = {
				ALWAYS_EMBED_SWIFT_STANDARD_LIBRARIES = YES;
				CODE_SIGN_STYLE = Automatic;
				DEVELOPMENT_TEAM = 3YTYXM9Q86;
				INFOPLIST_FILE = "North East South WestUITests/Info.plist";
				LD_RUNPATH_SEARCH_PATHS = "$(inherited) @executable_path/Frameworks @loader_path/Frameworks";
				PRODUCT_BUNDLE_IDENTIFIER = "com.mycompany.North-East-South-WestUITests";
				PRODUCT_NAME = "$(TARGET_NAME)";
				SWIFT_VERSION = 4.0;
				TARGETED_DEVICE_FAMILY = "1,2";
				TEST_TARGET_NAME = "North East South West";
			};
			name = Debug;
		};
		6F7373412058626E002481B8 /* Release */ = {
			isa = XCBuildConfiguration;
			buildSettings = {
				ALWAYS_EMBED_SWIFT_STANDARD_LIBRARIES = YES;
				CODE_SIGN_STYLE = Automatic;
				DEVELOPMENT_TEAM = 3YTYXM9Q86;
				INFOPLIST_FILE = "North East South WestUITests/Info.plist";
				LD_RUNPATH_SEARCH_PATHS = "$(inherited) @executable_path/Frameworks @loader_path/Frameworks";
				PRODUCT_BUNDLE_IDENTIFIER = "com.mycompany.North-East-South-WestUITests";
				PRODUCT_NAME = "$(TARGET_NAME)";
				SWIFT_VERSION = 4.0;
				TARGETED_DEVICE_FAMILY = "1,2";
				TEST_TARGET_NAME = "North East South West";
			};
			name = Release;
		};
/* End XCBuildConfiguration section */

/* Begin XCConfigurationList section */
		6F73730C2058626E002481B8 /* Build configuration list for PBXProject "North East South West" */ = {
			isa = XCConfigurationList;
			buildConfigurations = (
				6F7373372058626E002481B8 /* Debug */,
				6F7373382058626E002481B8 /* Release */,
			);
			defaultConfigurationIsVisible = 0;
			defaultConfigurationName = Release;
		};
		6F7373392058626E002481B8 /* Build configuration list for PBXNativeTarget "North East South West" */ = {
			isa = XCConfigurationList;
			buildConfigurations = (
				6F73733A2058626E002481B8 /* Debug */,
				6F73733B2058626E002481B8 /* Release */,
			);
			defaultConfigurationIsVisible = 0;
			defaultConfigurationName = Release;
		};
		6F73733C2058626E002481B8 /* Build configuration list for PBXNativeTarget "North East South WestTests" */ = {
			isa = XCConfigurationList;
			buildConfigurations = (
				6F73733D2058626E002481B8 /* Debug */,
				6F73733E2058626E002481B8 /* Release */,
			);
			defaultConfigurationIsVisible = 0;
			defaultConfigurationName = Release;
		};
		6F73733F2058626E002481B8 /* Build configuration list for PBXNativeTarget "North East South WestUITests" */ = {
			isa = XCConfigurationList;
			buildConfigurations = (
				6F7373402058626E002481B8 /* Debug */,
				6F7373412058626E002481B8 /* Release */,
			);
			defaultConfigurationIsVisible = 0;
			defaultConfigurationName = Release;
		};
/* End XCConfigurationList section */
	};
	rootObject = 6F7373092058626E002481B8 /* Project object */;
}
